{
  "requires": true,
  "lockfileVersion": 1,
  "dependencies": {
    "@ctrl/tinycolor": {
      "version": "2.2.0",
      "resolved": "https://registry.npmjs.org/@ctrl/tinycolor/-/tinycolor-2.2.0.tgz",
      "integrity": "sha512-EyIBWqpn6DzCQQjFKn1imrvk0riGxzTyfeFLRqH/6MLPR7enShJpZojaZpqK/BsyAQOtWBwvzG1DegtquOEd2Q=="
    },
    "find-color": {
      "version": "0.1.0",
      "resolved": "https://registry.npmjs.org/find-color/-/find-color-0.1.0.tgz",
      "integrity": "sha1-A+2fOfehqEzSQ96amKXcxaHyd/g="
    }
  }
}
